
Microsoft Visual Studio Solution File, Format Version 12.00
# Visual Studio Version 17
VisualStudioVersion = 17.5.33414.496
MinimumVisualStudioVersion = 10.0.40219.1
Project("{FAE04EC0-301F-11D3-BF4B-00C04F79EFBC}") = "ASM7", "ASM7\ASM7.csproj", "{DC6B5195-CABE-4B89-9419-4AB765E2B192}"
EndProject
Global
	GlobalSection(SolutionConfigurationPlatforms) = preSolution
		Debug|Any CPU = Debug|Any CPU
		Release|Any CPU = Release|Any CPU
	EndGlobalSection
	GlobalSection(ProjectConfigurationPlatforms) = postSolution
		{DC6B5195-CABE-4B89-9419-4AB765E2B192}.Debug|Any CPU.ActiveCfg = Debug|Any CPU
		{DC6B5195-CABE-4B89-9419-4AB765E2B192}.Debug|Any CPU.Build.0 = Debug|Any CPU
		{DC6B5195-CABE-4B89-9419-4AB765E2B192}.Release|Any CPU.ActiveCfg = Release|Any CPU
		{DC6B5195-CABE-4B89-9419-4AB765E2B192}.Release|Any CPU.Build.0 = Release|Any CPU
	EndGlobalSection
	GlobalSection(SolutionProperties) = preSolution
		HideSolutionNode = FALSE
	EndGlobalSection
	GlobalSection(ExtensibilityGlobals) = postSolution
		SolutionGuid = {66215883-B056-4559-9BBB-A1839929175D}
	EndGlobalSection
EndGlobal
